
Microsoft Visual Studio Solution File, Format Version 12.00
# Visual Studio Version 17
VisualStudioVersion = 17.0.31903.59
MinimumVisualStudioVersion = 10.0.40219.1
Project("{9A19103F-16F7-4668-BE54-9A1E7A4F7556}") = "Post.Cmd.Api", "Post.Cmd\Post.Cmd.Api\Post.Cmd.Api.csproj", "{1A8A44AE-7A23-480C-B8AB-A1758CA5ECF7}"
EndProject
Project("{9A19103F-16F7-4668-BE54-9A1E7A4F7556}") = "Post.Cmd.Domain", "Post.Cmd\Post.Cmd.Domain\Post.Cmd.Domain.csproj", "{F6721FC1-2BBA-4943-A749-E4DA5A4B5089}"
EndProject
Project("{9A19103F-16F7-4668-BE54-9A1E7A4F7556}") = "Post.Cmd.Infrastructure", "Post.Cmd\Post.Cmd.Infrastructure\Post.Cmd.Infrastructure.csproj", "{31C83A1B-B3F1-420A-AE8D-19BA8E90317C}"
EndProject
Project("{9A19103F-16F7-4668-BE54-9A1E7A4F7556}") = "Post.Query.Api", "Post.Query\Post.Query.Api\Post.Query.Api.csproj", "{85E75C2A-C42B-466D-9E69-10A133A3F7E9}"
EndProject
Project("{9A19103F-16F7-4668-BE54-9A1E7A4F7556}") = "Post.Query.Domain", "Post.Query\Post.Query.Domain\Post.Query.Domain.csproj", "{39FF5507-2C7C-4A72-8FE7-FB6EF86BBEE9}"
EndProject
Project("{9A19103F-16F7-4668-BE54-9A1E7A4F7556}") = "Post.Query.Infrastructure", "Post.Query\Post.Query.Infrastructure\Post.Query.Infrastructure.csproj", "{D5D2D9C4-7CFA-40C1-9D5F-DA8C8E4768F4}"
EndProject
Project("{9A19103F-16F7-4668-BE54-9A1E7A4F7556}") = "Post.Common", "Post.Common\Post.Common.csproj", "{15BD86BC-2D47-4FE9-8325-A5E99F352062}"
EndProject
Project("{9A19103F-16F7-4668-BE54-9A1E7A4F7556}") = "CQRS.Core", "CQRS.Core\CQRS.Core.csproj", "{3B897266-2EE7-455F-9E69-D5DD1DA7BD88}"
EndProject
Global
	GlobalSection(SolutionConfigurationPlatforms) = preSolution
		Debug|Any CPU = Debug|Any CPU
		Release|Any CPU = Release|Any CPU
	EndGlobalSection
	GlobalSection(ProjectConfigurationPlatforms) = postSolution
		{1A8A44AE-7A23-480C-B8AB-A1758CA5ECF7}.Debug|Any CPU.ActiveCfg = Debug|Any CPU
		{1A8A44AE-7A23-480C-B8AB-A1758CA5ECF7}.Debug|Any CPU.Build.0 = Debug|Any CPU
		{1A8A44AE-7A23-480C-B8AB-A1758CA5ECF7}.Release|Any CPU.ActiveCfg = Release|Any CPU
		{1A8A44AE-7A23-480C-B8AB-A1758CA5ECF7}.Release|Any CPU.Build.0 = Release|Any CPU
		{F6721FC1-2BBA-4943-A749-E4DA5A4B5089}.Debug|Any CPU.ActiveCfg = Debug|Any CPU
		{F6721FC1-2BBA-4943-A749-E4DA5A4B5089}.Debug|Any CPU.Build.0 = Debug|Any CPU
		{F6721FC1-2BBA-4943-A749-E4DA5A4B5089}.Release|Any CPU.ActiveCfg = Release|Any CPU
		{F6721FC1-2BBA-4943-A749-E4DA5A4B5089}.Release|Any CPU.Build.0 = Release|Any CPU
		{31C83A1B-B3F1-420A-AE8D-19BA8E90317C}.Debug|Any CPU.ActiveCfg = Debug|Any CPU
		{31C83A1B-B3F1-420A-AE8D-19BA8E90317C}.Debug|Any CPU.Build.0 = Debug|Any CPU
		{31C83A1B-B3F1-420A-AE8D-19BA8E90317C}.Release|Any CPU.ActiveCfg = Release|Any CPU
		{31C83A1B-B3F1-420A-AE8D-19BA8E90317C}.Release|Any CPU.Build.0 = Release|Any CPU
		{85E75C2A-C42B-466D-9E69-10A133A3F7E9}.Debug|Any CPU.ActiveCfg = Debug|Any CPU
		{85E75C2A-C42B-466D-9E69-10A133A3F7E9}.Debug|Any CPU.Build.0 = Debug|Any CPU
		{85E75C2A-C42B-466D-9E69-10A133A3F7E9}.Release|Any CPU.ActiveCfg = Release|Any CPU
		{85E75C2A-C42B-466D-9E69-10A133A3F7E9}.Release|Any CPU.Build.0 = Release|Any CPU
		{39FF5507-2C7C-4A72-8FE7-FB6EF86BBEE9}.Debug|Any CPU.ActiveCfg = Debug|Any CPU
		{39FF5507-2C7C-4A72-8FE7-FB6EF86BBEE9}.Debug|Any CPU.Build.0 = Debug|Any CPU
		{39FF5507-2C7C-4A72-8FE7-FB6EF86BBEE9}.Release|Any CPU.ActiveCfg = Release|Any CPU
		{39FF5507-2C7C-4A72-8FE7-FB6EF86BBEE9}.Release|Any CPU.Build.0 = Release|Any CPU
		{D5D2D9C4-7CFA-40C1-9D5F-DA8C8E4768F4}.Debug|Any CPU.ActiveCfg = Debug|Any CPU
		{D5D2D9C4-7CFA-40C1-9D5F-DA8C8E4768F4}.Debug|Any CPU.Build.0 = Debug|Any CPU
		{D5D2D9C4-7CFA-40C1-9D5F-DA8C8E4768F4}.Release|Any CPU.ActiveCfg = Release|Any CPU
		{D5D2D9C4-7CFA-40C1-9D5F-DA8C8E4768F4}.Release|Any CPU.Build.0 = Release|Any CPU
		{15BD86BC-2D47-4FE9-8325-A5E99F352062}.Debug|Any CPU.ActiveCfg = Debug|Any CPU
		{15BD86BC-2D47-4FE9-8325-A5E99F352062}.Debug|Any CPU.Build.0 = Debug|Any CPU
		{15BD86BC-2D47-4FE9-8325-A5E99F352062}.Release|Any CPU.ActiveCfg = Release|Any CPU
		{15BD86BC-2D47-4FE9-8325-A5E99F352062}.Release|Any CPU.Build.0 = Release|Any CPU
		{3B897266-2EE7-455F-9E69-D5DD1DA7BD88}.Debug|Any CPU.ActiveCfg = Debug|Any CPU
		{3B897266-2EE7-455F-9E69-D5DD1DA7BD88}.Debug|Any CPU.Build.0 = Debug|Any CPU
		{3B897266-2EE7-455F-9E69-D5DD1DA7BD88}.Release|Any CPU.ActiveCfg = Release|Any CPU
		{3B897266-2EE7-455F-9E69-D5DD1DA7BD88}.Release|Any CPU.Build.0 = Release|Any CPU
	EndGlobalSection
	GlobalSection(SolutionProperties) = preSolution
		HideSolutionNode = FALSE
	EndGlobalSection
	GlobalSection(ExtensibilityGlobals) = postSolution
		SolutionGuid = {AA827FD3-76F5-47A1-B6DF-4649F94C59FD}
	EndGlobalSection
EndGlobal
