
Microsoft Visual Studio Solution File, Format Version 12.00
# Visual Studio Version 17
VisualStudioVersion = 17.5.002.0
MinimumVisualStudioVersion = 10.0.40219.1
Project("{9A19103F-16F7-4668-BE54-9A1E7A4F7556}") = "Post.Cmd.Api", "Post.Cmd.Api.csproj", "{AB51F9AC-7F06-403F-A0C2-2B08FD46CF24}"
EndProject
Global
	GlobalSection(SolutionConfigurationPlatforms) = preSolution
		Debug|Any CPU = Debug|Any CPU
		Release|Any CPU = Release|Any CPU
	EndGlobalSection
	GlobalSection(ProjectConfigurationPlatforms) = postSolution
		{AB51F9AC-7F06-403F-A0C2-2B08FD46CF24}.Debug|Any CPU.ActiveCfg = Debug|Any CPU
		{AB51F9AC-7F06-403F-A0C2-2B08FD46CF24}.Debug|Any CPU.Build.0 = Debug|Any CPU
		{AB51F9AC-7F06-403F-A0C2-2B08FD46CF24}.Release|Any CPU.ActiveCfg = Release|Any CPU
		{AB51F9AC-7F06-403F-A0C2-2B08FD46CF24}.Release|Any CPU.Build.0 = Release|Any CPU
	EndGlobalSection
	GlobalSection(SolutionProperties) = preSolution
		HideSolutionNode = FALSE
	EndGlobalSection
	GlobalSection(ExtensibilityGlobals) = postSolution
		SolutionGuid = {90F22910-DA74-4795-8B39-2746133AB2B5}
	EndGlobalSection
EndGlobal
